// !$*UTF8*$!
{
	archiveVersion = 1;
	classes = {
	};
	objectVersion = 46;
	objects = {

/* Begin PBXBuildFile section */
		681FE8021CBEC49200BAFA15 /* AppDelegate.swift in Sources */ = {isa = PBXBuildFile; fileRef = 681FE8011CBEC49200BAFA15 /* AppDelegate.swift */; };
		681FE8041CBEC49200BAFA15 /* ViewController.swift in Sources */ = {isa = PBXBuildFile; fileRef = 681FE8031CBEC49200BAFA15 /* ViewController.swift */; };
		681FE8071CBEC49200BAFA15 /* Main.storyboard in Resources */ = {isa = PBXBuildFile; fileRef = 681FE8051CBEC49200BAFA15 /* Main.storyboard */; };
		681FE8091CBEC49200BAFA15 /* Assets.xcassets in Resources */ = {isa = PBXBuildFile; fileRef = 681FE8081CBEC49200BAFA15 /* Assets.xcassets */; };
		681FE80C1CBEC49200BAFA15 /* LaunchScreen.storyboard in Resources */ = {isa = PBXBuildFile; fileRef = 681FE80A1CBEC49200BAFA15 /* LaunchScreen.storyboard */; };
/* End PBXBuildFile section */

/* Begin PBXFileReference section */
		681FE7FE1CBEC49200BAFA15 /* RGB Sliders 2.app */ = {isa = PBXFileReference; explicitFileType = wrapper.application; includeInIndex = 0; path = "RGB Sliders 2.app"; sourceTree = BUILT_PRODUCTS_DIR; };
		681FE8011CBEC49200BAFA15 /* AppDelegate.swift */ = {isa = PBXFileReference; lastKnownFileType = sourcecode.swift; path = AppDelegate.swift; sourceTree = "<group>"; };
		681FE8031CBEC49200BAFA15 /* ViewController.swift */ = {isa = PBXFileReference; lastKnownFileType = sourcecode.swift; path = ViewController.swift; sourceTree = "<group>"; };
		681FE8061CBEC49200BAFA15 /* Base */ = {isa = PBXFileReference; lastKnownFileType = file.storyboard; name = Base; path = Base.lproj/Main.storyboard; sourceTree = "<group>"; };
		681FE8081CBEC49200BAFA15 /* Assets.xcassets */ = {isa = PBXFileReference; lastKnownFileType = folder.assetcatalog; path = Assets.xcassets; sourceTree = "<group>"; };
		681FE80B1CBEC49200BAFA15 /* Base */ = {isa = PBXFileReference; lastKnownFileType = file.storyboard; name = Base; path = Base.lproj/LaunchScreen.storyboard; sourceTree = "<group>"; };
		681FE80D1CBEC49200BAFA15 /* Info.plist */ = {isa = PBXFileReference; lastKnownFileType = text.plist.xml; path = Info.plist; sourceTree = "<group>"; };
/* End PBXFileReference section */

/* Begin PBXFrameworksBuildPhase section */
		681FE7FB1CBEC49200BAFA15 /* Frameworks */ = {
			isa = PBXFrameworksBuildPhase;
			buildActionMask = 2147483647;
			files = (
			);
			runOnlyForDeploymentPostprocessing = 0;
		};
/* End PBXFrameworksBuildPhase section */

/* Begin PBXGroup section */
		681FE7F51CBEC49200BAFA15 = {
			isa = PBXGroup;
			children = (
				681FE8001CBEC49200BAFA15 /* RGB Sliders 2 */,
				681FE7FF1CBEC49200BAFA15 /* Products */,
			);
			sourceTree = "<group>";
		};
		681FE7FF1CBEC49200BAFA15 /* Products */ = {
			isa = PBXGroup;
			children = (
				681FE7FE1CBEC49200BAFA15 /* RGB Sliders 2.app */,
			);
			name = Products;
			sourceTree = "<group>";
		};
		681FE8001CBEC49200BAFA15 /* RGB Sliders 2 */ = {
			isa = PBXGroup;
			children = (
				681FE8011CBEC49200BAFA15 /* AppDelegate.swift */,
				681FE8031CBEC49200BAFA15 /* ViewController.swift */,
				681FE8051CBEC49200BAFA15 /* Main.storyboard */,
				681FE8081CBEC49200BAFA15 /* Assets.xcassets */,
				681FE80A1CBEC49200BAFA15 /* LaunchScreen.storyboard */,
				681FE80D1CBEC49200BAFA15 /* Info.plist */,
			);
			path = "RGB Sliders 2";
			sourceTree = "<group>";
		};
/* End PBXGroup section */

/* Begin PBXNativeTarget section */
		681FE7FD1CBEC49200BAFA15 /* RGB Sliders 2 */ = {
			isa = PBXNativeTarget;
			buildConfigurationList = 681FE8101CBEC49200BAFA15 /* Build configuration list for PBXNativeTarget "RGB Sliders 2" */;
			buildPhases = (
				681FE7FA1CBEC49200BAFA15 /* Sources */,
				681FE7FB1CBEC49200BAFA15 /* Frameworks */,
				681FE7FC1CBEC49200BAFA15 /* Resources */,
			);
			buildRules = (
			);
			dependencies = (
			);
			name = "RGB Sliders 2";
			productName = "RGB Sliders 2";
			productReference = 681FE7FE1CBEC49200BAFA15 /* RGB Sliders 2.app */;
			productType = "com.apple.product-type.application";
		};
/* End PBXNativeTarget section */

/* Begin PBXProject section */
		681FE7F61CBEC49200BAFA15 /* Project object */ = {
			isa = PBXProject;
			attributes = {
				LastSwiftUpdateCheck = 0720;
				LastUpgradeCheck = 0720;
				ORGANIZATIONNAME = Thinkful;
				TargetAttributes = {
					681FE7FD1CBEC49200BAFA15 = {
						CreatedOnToolsVersion = 7.2;
					};
				};
			};
			buildConfigurationList = 681FE7F91CBEC49200BAFA15 /* Build configuration list for PBXProject "RGB Sliders 2" */;
			compatibilityVersion = "Xcode 3.2";
			developmentRegion = English;
			hasScannedForEncodings = 0;
			knownRegions = (
				en,
				Base,
			);
			mainGroup = 681FE7F51CBEC49200BAFA15;
			productRefGroup = 681FE7FF1CBEC49200BAFA15 /* Products */;
			projectDirPath = "";
			projectRoot = "";
			targets = (
				681FE7FD1CBEC49200BAFA15 /* RGB Sliders 2 */,
			);
		};
/* End PBXProject section */

/* Begin PBXResourcesBuildPhase section */
		681FE7FC1CBEC49200BAFA15 /* Resources */ = {
			isa = PBXResourcesBuildPhase;
			buildActionMask = 2147483647;
			files = (
				681FE80C1CBEC49200BAFA15 /* LaunchScreen.storyboard in Resources */,
				681FE8091CBEC49200BAFA15 /* Assets.xcassets in Resources */,
				681FE8071CBEC49200BAFA15 /* Main.storyboard in Resources */,
			);
			runOnlyForDeploymentPostprocessing = 0;
		};
/* End PBXResourcesBuildPhase section */

/* Begin PBXSourcesBuildPhase section */
		681FE7FA1CBEC49200BAFA15 /* Sources */ = {
			isa = PBXSourcesBuildPhase;
			buildActionMask = 2147483647;
			files = (
				681FE8041CBEC49200BAFA15 /* ViewController.swift in Sources */,
				681FE8021CBEC49200BAFA15 /* AppDelegate.swift in Sources */,
			);
			runOnlyForDeploymentPostprocessing = 0;
		};
/* End PBXSourcesBuildPhase section */

/* Begin PBXVariantGroup section */
		681FE8051CBEC49200BAFA15 /* Main.storyboard */ = {
			isa = PBXVariantGroup;
			children = (
				681FE8061CBEC49200BAFA15 /* Base */,
			);
			name = Main.storyboard;
			sourceTree = "<group>";
		};
		681FE80A1CBEC49200BAFA15 /* LaunchScreen.storyboard */ = {
			isa = PBXVariantGroup;
			children = (
				681FE80B1CBEC49200BAFA15 /* Base */,
			);
			name = LaunchScreen.storyboard;
			sourceTree = "<group>";
		};
/* End PBXVariantGroup section */

/* Begin XCBuildConfiguration section */
		681FE80E1CBEC49200BAFA15 /* Debug */ = {
			isa = XCBuildConfiguration;
			buildSettings = {
				ALWAYS_SEARCH_USER_PATHS = NO;
				CLANG_CXX_LANGUAGE_STANDARD = "gnu++0x";
				CLANG_CXX_LIBRARY = "libc++";
				CLANG_ENABLE_MODULES = YES;
				CLANG_ENABLE_OBJC_ARC = YES;
				CLANG_WARN_BOOL_CONVERSION = YES;
				CLANG_WARN_CONSTANT_CONVERSION = YES;
				CLANG_WARN_DIRECT_OBJC_ISA_USAGE = YES_ERROR;
				CLANG_WARN_EMPTY_BODY = YES;
				CLANG_WARN_ENUM_CONVERSION = YES;
				CLANG_WARN_INT_CONVERSION = YES;
				CLANG_WARN_OBJC_ROOT_CLASS = YES_ERROR;
				CLANG_WARN_UNREACHABLE_CODE = YES;
				CLANG_WARN__DUPLICATE_METHOD_MATCH = YES;
				"CODE_SIGN_IDENTITY[sdk=iphoneos*]" = "iPhone Developer";
				COPY_PHASE_STRIP = NO;
				DEBUG_INFORMATION_FORMAT = dwarf;
				ENABLE_STRICT_OBJC_MSGSEND = YES;
				ENABLE_TESTABILITY = YES;
				GCC_C_LANGUAGE_STANDARD = gnu99;
				GCC_DYNAMIC_NO_PIC = NO;
				GCC_NO_COMMON_BLOCKS = YES;
				GCC_OPTIMIZATION_LEVEL = 0;
				GCC_PREPROCESSOR_DEFINITIONS = (
					"DEBUG=1",
					"$(inherited)",
				);
				GCC_WARN_64_TO_32_BIT_CONVERSION = YES;
				GCC_WARN_ABOUT_RETURN_TYPE = YES_ERROR;
				GCC_WARN_UNDECLARED_SELECTOR = YES;
				GCC_WARN_UNINITIALIZED_AUTOS = YES_AGGRESSIVE;
				GCC_WARN_UNUSED_FUNCTION = YES;
				GCC_WARN_UNUSED_VARIABLE = YES;
				IPHONEOS_DEPLOYMENT_TARGET = 9.2;
				MTL_ENABLE_DEBUG_INFO = YES;
				ONLY_ACTIVE_ARCH = YES;
				SDKROOT = iphoneos;
				SWIFT_OPTIMIZATION_LEVEL = "-Onone";
			};
			name = Debug;
		};
		681FE80F1CBEC49200BAFA15 /* Release */ = {
			isa = XCBuildConfiguration;
			buildSettings = {
				ALWAYS_SEARCH_USER_PATHS = NO;
				CLANG_CXX_LANGUAGE_STANDARD = "gnu++0x";
				CLANG_CXX_LIBRARY = "libc++";
				CLANG_ENABLE_MODULES = YES;
				CLANG_ENABLE_OBJC_ARC = YES;
				CLANG_WARN_BOOL_CONVERSION = YES;
				CLANG_WARN_CONSTANT_CONVERSION = YES;
				CLANG_WARN_DIRECT_OBJC_ISA_USAGE = YES_ERROR;
				CLANG_WARN_EMPTY_BODY = YES;
				CLANG_WARN_ENUM_CONVERSION = YES;
				CLANG_WARN_INT_CONVERSION = YES;
				CLANG_WARN_OBJC_ROOT_CLASS = YES_ERROR;
				CLANG_WARN_UNREACHABLE_CODE = YES;
				CLANG_WARN__DUPLICATE_METHOD_MATCH = YES;
				"CODE_SIGN_IDENTITY[sdk=iphoneos*]" = "iPhone Developer";
				COPY_PHASE_STRIP = NO;
				DEBUG_INFORMATION_FORMAT = "dwarf-with-dsym";
				ENABLE_NS_ASSERTIONS = NO;
				ENABLE_STRICT_OBJC_MSGSEND = YES;
				GCC_C_LANGUAGE_STANDARD = gnu99;
				GCC_NO_COMMON_BLOCKS = YES;
				GCC_WARN_64_TO_32_BIT_CONVERSION = YES;
				GCC_WARN_ABOUT_RETURN_TYPE = YES_ERROR;
				GCC_WARN_UNDECLARED_SELECTOR = YES;
				GCC_WARN_UNINITIALIZED_AUTOS = YES_AGGRESSIVE;
				GCC_WARN_UNUSED_FUNCTION = YES;
				GCC_WARN_UNUSED_VARIABLE = YES;
				IPHONEOS_DEPLOYMENT_TARGET = 9.2;
				MTL_ENABLE_DEBUG_INFO = NO;
				SDKROOT = iphoneos;
				VALIDATE_PRODUCT = YES;
			};
			name = Release;
		};
		681FE8111CBEC49200BAFA15 /* Debug */ = {
			isa = XCBuildConfiguration;
			buildSettings = {
				ASSETCATALOG_COMPILER_APPICON_NAME = AppIcon;
				INFOPLIST_FILE = "RGB Sliders 2/Info.plist";
				LD_RUNPATH_SEARCH_PATHS = "$(inherited) @executable_path/Frameworks";
				PRODUCT_BUNDLE_IDENTIFIER = "com.thinkful.RGB-Sliders-2";
				PRODUCT_NAME = "$(TARGET_NAME)";
			};
			name = Debug;
		};
		681FE8121CBEC49200BAFA15 /* Release */ = {
			isa = XCBuildConfiguration;
			buildSettings = {
				ASSETCATALOG_COMPILER_APPICON_NAME = AppIcon;
				INFOPLIST_FILE = "RGB Sliders 2/Info.plist";
				LD_RUNPATH_SEARCH_PATHS = "$(inherited) @executable_path/Frameworks";
				PRODUCT_BUNDLE_IDENTIFIER = "com.thinkful.RGB-Sliders-2";
				PRODUCT_NAME = "$(TARGET_NAME)";
			};
			name = Release;
		};
/* End XCBuildConfiguration section */

/* Begin XCConfigurationList section */
		681FE7F91CBEC49200BAFA15 /* Build configuration list for PBXProject "RGB Sliders 2" */ = {
			isa = XCConfigurationList;
			buildConfigurations = (
				681FE80E1CBEC49200BAFA15 /* Debug */,
				681FE80F1CBEC49200BAFA15 /* Release */,
			);
			defaultConfigurationIsVisible = 0;
			defaultConfigurationName = Release;
		};
		681FE8101CBEC49200BAFA15 /* Build configuration list for PBXNativeTarget "RGB Sliders 2" */ = {
			isa = XCConfigurationList;
			buildConfigurations = (
				681FE8111CBEC49200BAFA15 /* Debug */,
				681FE8121CBEC49200BAFA15 /* Release */,
			);
			defaultConfigurationIsVisible = 0;
		};
/* End XCConfigurationList section */
	};
	rootObject = 681FE7F61CBEC49200BAFA15 /* Project object */;
}
